
Microsoft Visual Studio Solution File, Format Version 12.00
# Visual Studio Version 17
VisualStudioVersion = 17.0.32112.339
MinimumVisualStudioVersion = 10.0.40219.1
Project("{9A19103F-16F7-4668-BE54-9A1E7A4F7556}") = "TypesDemoApp", "TypesDemoApp\TypesDemoApp.csproj", "{BFD53CB2-AC68-49E6-9B21-A25A2A9F0B4E}"
EndProject
Project("{9A19103F-16F7-4668-BE54-9A1E7A4F7556}") = "CastBoxUnboxDemo", "TypesDemo2\CastBoxUnboxDemo.csproj", "{A35BD41D-3DAD-409E-9E8A-27FC089916BD}"
EndProject
Global
	GlobalSection(SolutionConfigurationPlatforms) = preSolution
		Debug|Any CPU = Debug|Any CPU
		Release|Any CPU = Release|Any CPU
	EndGlobalSection
	GlobalSection(ProjectConfigurationPlatforms) = postSolution
		{BFD53CB2-AC68-49E6-9B21-A25A2A9F0B4E}.Debug|Any CPU.ActiveCfg = Debug|Any CPU
		{BFD53CB2-AC68-49E6-9B21-A25A2A9F0B4E}.Debug|Any CPU.Build.0 = Debug|Any CPU
		{BFD53CB2-AC68-49E6-9B21-A25A2A9F0B4E}.Release|Any CPU.ActiveCfg = Release|Any CPU
		{BFD53CB2-AC68-49E6-9B21-A25A2A9F0B4E}.Release|Any CPU.Build.0 = Release|Any CPU
		{A35BD41D-3DAD-409E-9E8A-27FC089916BD}.Debug|Any CPU.ActiveCfg = Debug|Any CPU
		{A35BD41D-3DAD-409E-9E8A-27FC089916BD}.Debug|Any CPU.Build.0 = Debug|Any CPU
		{A35BD41D-3DAD-409E-9E8A-27FC089916BD}.Release|Any CPU.ActiveCfg = Release|Any CPU
		{A35BD41D-3DAD-409E-9E8A-27FC089916BD}.Release|Any CPU.Build.0 = Release|Any CPU
	EndGlobalSection
	GlobalSection(SolutionProperties) = preSolution
		HideSolutionNode = FALSE
	EndGlobalSection
	GlobalSection(ExtensibilityGlobals) = postSolution
		SolutionGuid = {768DC11A-5FE4-4F88-BE3F-F39F728E55A9}
	EndGlobalSection
EndGlobal
